{
  "nodes": {
    "flakeNimbleLib": {
      "inputs": {
        "nixpkgs": [
          "nixpkgs"
        ]
      },
      "locked": {
        "lastModified": 1662018438,
        "narHash": "sha256-QtNtU6+LX3Wokxf0zlFwKTFOcn6TeDjKQZ+DA9OYtvM=",
        "owner": "riinr",
        "repo": "nim-flakes-lib",
        "rev": "b1fe8340736e3a85d25c709ac3dfd82a55c03cbf",
        "type": "github"
      },
      "original": {
        "owner": "riinr",
        "ref": "master",
        "repo": "nim-flakes-lib",
        "type": "github"
      }
    },
    "nixpkgs": {
      "locked": {
        "lastModified": 1667199707,
        "narHash": "sha256-I2Js3Y7gUyVSEXPULHlBoRek4Lh85vnevdS6mdvDNLI=",
        "owner": "NixOS",
        "repo": "nixpkgs",
        "rev": "ced197be72099edcfa68ebed8b87af7b04851f45",
        "type": "github"
      },
      "original": {
        "id": "nixpkgs",
        "type": "indirect"
      }
    },
    "pwd-master": {
      "inputs": {
        "flakeNimbleLib": [
          "flakeNimbleLib"
        ],
        "nixpkgs": [
          "nixpkgs"
        ],
        "src-pwd-master": "src-pwd-master"
      },
      "locked": {
        "dir": "master",
        "lastModified": 1667322600,
        "narHash": "sha256-HBcerQTa5QAnOq8lYwHG8oTf98yCDPZj/dOeHKsYtoA=",
        "owner": "nim-nix-pkgs",
        "repo": "pwd",
        "rev": "ebc2461173dc6f08fb8621d95cc1a052e1497ed8",
        "type": "github"
      },
      "original": {
        "dir": "master",
        "owner": "nim-nix-pkgs",
        "ref": "master",
        "repo": "pwd",
        "type": "github"
      }
    },
    "root": {
      "inputs": {
        "flakeNimbleLib": "flakeNimbleLib",
        "nixpkgs": "nixpkgs",
        "pwd-master": "pwd-master"
      }
    },
    "src-pwd-master": {
      "flake": false,
      "locked": {
        "lastModified": 1500855917,
        "narHash": "sha256-HEbjmpy+bFNDltR8woFVrfya+CbyoTC6UzEyCH4RJPQ=",
        "owner": "achesak",
        "repo": "nim-pwd",
        "rev": "a5ad1afcafc87052255ae92f3c3eadc2ac2f9a75",
        "type": "github"
      },
      "original": {
        "owner": "achesak",
        "ref": "refs/heads/master",
        "repo": "nim-pwd",
        "type": "github"
      }
    }
  },
  "root": "root",
  "version": 7
}
